
Microsoft Visual Studio Solution File, Format Version 12.00
# Visual Studio Version 17
VisualStudioVersion = 17.10.34928.147
MinimumVisualStudioVersion = 10.0.40219.1
Project("{FAE04EC0-301F-11D3-BF4B-00C04F79EFBC}") = "shop", "shop\shop.csproj", "{B762394A-3745-4143-B106-8519C4D8AC8C}"
EndProject
Global
	GlobalSection(SolutionConfigurationPlatforms) = preSolution
		Debug|Any CPU = Debug|Any CPU
		Release|Any CPU = Release|Any CPU
	EndGlobalSection
	GlobalSection(ProjectConfigurationPlatforms) = postSolution
		{B762394A-3745-4143-B106-8519C4D8AC8C}.Debug|Any CPU.ActiveCfg = Debug|Any CPU
		{B762394A-3745-4143-B106-8519C4D8AC8C}.Debug|Any CPU.Build.0 = Debug|Any CPU
		{B762394A-3745-4143-B106-8519C4D8AC8C}.Release|Any CPU.ActiveCfg = Release|Any CPU
		{B762394A-3745-4143-B106-8519C4D8AC8C}.Release|Any CPU.Build.0 = Release|Any CPU
	EndGlobalSection
	GlobalSection(SolutionProperties) = preSolution
		HideSolutionNode = FALSE
	EndGlobalSection
	GlobalSection(ExtensibilityGlobals) = postSolution
		SolutionGuid = {B5B53CC1-E7A1-4A8C-B879-D90A26E357E9}
	EndGlobalSection
EndGlobal
